
Microsoft Visual Studio Solution File, Format Version 12.00
# Visual Studio Version 16
VisualStudioVersion = 16.0.31515.178
MinimumVisualStudioVersion = 10.0.40219.1
Project("{FAE04EC0-301F-11D3-BF4B-00C04F79EFBC}") = "BankEncapsulationExercise", "BankEncapsulationExercise.csproj", "{18DC8462-DBFA-46EC-A2D7-E9B65EC4874A}"
EndProject
Global
	GlobalSection(SolutionConfigurationPlatforms) = preSolution
		Debug|Any CPU = Debug|Any CPU
		Release|Any CPU = Release|Any CPU
	EndGlobalSection
	GlobalSection(ProjectConfigurationPlatforms) = postSolution
		{18DC8462-DBFA-46EC-A2D7-E9B65EC4874A}.Debug|Any CPU.ActiveCfg = Debug|Any CPU
		{18DC8462-DBFA-46EC-A2D7-E9B65EC4874A}.Debug|Any CPU.Build.0 = Debug|Any CPU
		{18DC8462-DBFA-46EC-A2D7-E9B65EC4874A}.Release|Any CPU.ActiveCfg = Release|Any CPU
		{18DC8462-DBFA-46EC-A2D7-E9B65EC4874A}.Release|Any CPU.Build.0 = Release|Any CPU
	EndGlobalSection
	GlobalSection(SolutionProperties) = preSolution
		HideSolutionNode = FALSE
	EndGlobalSection
	GlobalSection(ExtensibilityGlobals) = postSolution
		SolutionGuid = {0B275DAE-8076-4AAA-B216-02707938740F}
	EndGlobalSection
EndGlobal
